
Microsoft Visual Studio Solution File, Format Version 12.00
# Visual Studio Version 17
VisualStudioVersion = 17.14.36203.30 d17.14
MinimumVisualStudioVersion = 10.0.40219.1
Project("{FAE04EC0-301F-11D3-BF4B-00C04F79EFBC}") = "apiAutenticacao", "apiAutenticacao.csproj", "{AD504EF4-90CA-4F38-87E4-4286EB23E1D2}"
EndProject
Global
	GlobalSection(SolutionConfigurationPlatforms) = preSolution
		Debug|Any CPU = Debug|Any CPU
		Release|Any CPU = Release|Any CPU
	EndGlobalSection
	GlobalSection(ProjectConfigurationPlatforms) = postSolution
		{AD504EF4-90CA-4F38-87E4-4286EB23E1D2}.Debug|Any CPU.ActiveCfg = Debug|Any CPU
		{AD504EF4-90CA-4F38-87E4-4286EB23E1D2}.Debug|Any CPU.Build.0 = Debug|Any CPU
		{AD504EF4-90CA-4F38-87E4-4286EB23E1D2}.Release|Any CPU.ActiveCfg = Release|Any CPU
		{AD504EF4-90CA-4F38-87E4-4286EB23E1D2}.Release|Any CPU.Build.0 = Release|Any CPU
	EndGlobalSection
	GlobalSection(SolutionProperties) = preSolution
		HideSolutionNode = FALSE
	EndGlobalSection
	GlobalSection(ExtensibilityGlobals) = postSolution
		SolutionGuid = {0DA3F267-7E28-4682-A2F8-13C1A8E20D44}
	EndGlobalSection
EndGlobal
